Microsoft Visual Studio Solution File, Format Version 12.00
# Visual Studio Version 17
VisualStudioVersion = 17.5.2.0
MinimumVisualStudioVersion = 10.0.40219.1
Project("{FAE04EC0-301F-11D3-BF4B-00C04F79EFBC}") = "ConvertMarkdownToHTML", "ConvertMarkdownToHTML.csproj", "{46C498DE-B236-AE88-ECE4-F439D2E329F9}"
EndProject
Global
	GlobalSection(SolutionConfigurationPlatforms) = preSolution
		Debug|Any CPU = Debug|Any CPU
		Release|Any CPU = Release|Any CPU
	EndGlobalSection
	GlobalSection(ProjectConfigurationPlatforms) = postSolution
		{46C498DE-B236-AE88-ECE4-F439D2E329F9}.Debug|Any CPU.ActiveCfg = Debug|Any CPU
		{46C498DE-B236-AE88-ECE4-F439D2E329F9}.Debug|Any CPU.Build.0 = Debug|Any CPU
		{46C498DE-B236-AE88-ECE4-F439D2E329F9}.Release|Any CPU.ActiveCfg = Release|Any CPU
		{46C498DE-B236-AE88-ECE4-F439D2E329F9}.Release|Any CPU.Build.0 = Release|Any CPU
	EndGlobalSection
	GlobalSection(SolutionProperties) = preSolution
		HideSolutionNode = FALSE
	EndGlobalSection
	GlobalSection(ExtensibilityGlobals) = postSolution
		SolutionGuid = {6BB58D52-20B4-4712-9853-332F1E2FBA7B}
	EndGlobalSection
EndGlobal
